
Microsoft Visual Studio Solution File, Format Version 12.00
# Visual Studio 15
VisualStudioVersion = 15.0.27428.2037
MinimumVisualStudioVersion = 10.0.40219.1
Project("{FAE04EC0-301F-11D3-BF4B-00C04F79EFBC}") = "ListviewProje", "ListviewProje\ListviewProje.csproj", "{54E0D818-56DE-40DA-A4A4-B9F1B83C7903}"
EndProject
Global
	GlobalSection(SolutionConfigurationPlatforms) = preSolution
		Debug|Any CPU = Debug|Any CPU
		Release|Any CPU = Release|Any CPU
	EndGlobalSection
	GlobalSection(ProjectConfigurationPlatforms) = postSolution
		{54E0D818-56DE-40DA-A4A4-B9F1B83C7903}.Debug|Any CPU.ActiveCfg = Debug|Any CPU
		{54E0D818-56DE-40DA-A4A4-B9F1B83C7903}.Debug|Any CPU.Build.0 = Debug|Any CPU
		{54E0D818-56DE-40DA-A4A4-B9F1B83C7903}.Release|Any CPU.ActiveCfg = Release|Any CPU
		{54E0D818-56DE-40DA-A4A4-B9F1B83C7903}.Release|Any CPU.Build.0 = Release|Any CPU
	EndGlobalSection
	GlobalSection(SolutionProperties) = preSolution
		HideSolutionNode = FALSE
	EndGlobalSection
	GlobalSection(ExtensibilityGlobals) = postSolution
		SolutionGuid = {FCE56CDE-7E43-43E5-9AF5-4428DB2C8559}
	EndGlobalSection
EndGlobal
